<?xml version="1.0" encoding="utf-8"?>
<Project ToolsVersion="4.0" xmlns="http://schemas.microsoft.com/developer/msbuild/2003">
  <ItemGroup>
    <Filter Include="Source Files">
      <UniqueIdentifier>{4FC737F1-C7A5-4376-A066-2A32D752A2FF}</UniqueIdentifier>
      <Extensions>cpp;c;cc;cxx;c++;cppm;ixx;def;odl;idl;hpj;bat;asm;asmx</Extensions>
    </Filter>
    <Filter Include="Header Files">
      <UniqueIdentifier>{93995380-89BD-4b04-88EB-625FBE52EBFB}</UniqueIdentifier>
      <Extensions>h;hh;hpp;hxx;h++;hm;inl;inc;ipp;xsd</Extensions>
    </Filter>
    <Filter Include="Resource Files">
      <UniqueIdentifier>{67DA6AB6-F800-4c08-8B7A-83BB121AAD01}</UniqueIdentifier>
      <Extensions>rc;ico;cur;bmp;dlg;rc2;rct;bin;rgs;gif;jpg;jpeg;jpe;resx;tiff;tif;png;wav;mfcribbon-ms</Extensions>
    </Filter>
  </ItemGroup>
  <ItemGroup>
    <ClInclude Include="include\cyResourceManager.h">
      <Filter>Header Files</Filter>
    </ClInclude>
    <ClInclude Include="include\cyCorePrerequisites.h">
      <Filter>Header Files</Filter>
    </ClInclude>
    <ClInclude Include="include\cyCComponent.h">
      <Filter>Header Files</Filter>
    </ClInclude>
    <ClInclude Include="include\cyRResource.h">
      <Filter>Header Files</Filter>
    </ClInclude>
    <ClInclude Include="include\cyRAsset.h">
      <Filter>Header Files</Filter>
    </ClInclude>
    <ClInclude Include="include\cyCodec.h">
      <Filter>Header Files</Filter>
    </ClInclude>
    <ClInclude Include="include\cyBaseUI.h">
      <Filter>Header Files</Filter>
    </ClInclude>
    <ClInclude Include="include\cyWindow.h">
      <Filter>Header Files</Filter>
    </ClInclude>
    <ClInclude Include="include\cyDefaultPrimitives.h">
      <Filter>Header Files</Filter>
    </ClInclude>
    <ClInclude Include="include\cyRImage.h">
      <Filter>Header Files</Filter>
    </ClInclude>
    <ClInclude Include="include\cyRMesh.h">
      <Filter>Header Files</Filter>
    </ClInclude>
    <ClInclude Include="include\cyVertex.h">
      <Filter>Header Files</Filter>
    </ClInclude>
    <ClInclude Include="include\cyEngineAssets.h">
      <Filter>Header Files</Filter>
    </ClInclude>
    <ClInclude Include="include\cyCTransform.h">
      <Filter>Header Files</Filter>
    </ClInclude>
    <ClInclude Include="include\cyGarbageCollector.h">
      <Filter>Header Files</Filter>
    </ClInclude>
    <ClInclude Include="include\cyRMaterial.h">
      <Filter>Header Files</Filter>
    </ClInclude>
    <ClInclude Include="include\cyBBeing.h">
      <Filter>Header Files</Filter>
    </ClInclude>
    <ClInclude Include="include\cyClassRegister.h">
      <Filter>Header Files</Filter>
    </ClInclude>
    <ClInclude Include="include\cyScene.h">
      <Filter>Header Files</Filter>
    </ClInclude>
    <ClInclude Include="include\cyGameMode.h">
      <Filter>Header Files</Filter>
    </ClInclude>
    <ClInclude Include="include\cyPluginManager.h">
      <Filter>Header Files</Filter>
    </ClInclude>
    <ClInclude Include="include\cyPlugin.h">
      <Filter>Header Files</Filter>
    </ClInclude>
    <ClInclude Include="include\cyRAudio.h">
      <Filter>Header Files</Filter>
    </ClInclude>
    <ClInclude Include="include\cyAudioAPI.h">
      <Filter>Header Files</Filter>
    </ClInclude>
    <ClInclude Include="include\cyRTexture.h">
      <Filter>Header Files</Filter>
    </ClInclude>
    <ClInclude Include="include\cyRShader.h">
      <Filter>Header Files</Filter>
    </ClInclude>
    <ClInclude Include="include\cyRModel.h">
      <Filter>Header Files</Filter>
    </ClInclude>
    <ClInclude Include="include\cyRSkeleton.h">
      <Filter>Header Files</Filter>
    </ClInclude>
    <ClInclude Include="include\cyRScript.h">
      <Filter>Header Files</Filter>
    </ClInclude>
    <ClInclude Include="include\cyTriangle.h">
      <Filter>Header Files</Filter>
    </ClInclude>
    <ClInclude Include="include\cyCCamera.h">
      <Filter>Header Files</Filter>
    </ClInclude>
    <ClInclude Include="include\cySNode.h">
      <Filter>Header Files</Filter>
    </ClInclude>
    <ClInclude Include="include\cyInput.h">
      <Filter>Header Files</Filter>
    </ClInclude>
    <ClInclude Include="include\cyInputAction.h">
      <Filter>Header Files</Filter>
    </ClInclude>
    <ClInclude Include="include\cyInputManager.h">
      <Filter>Header Files</Filter>
    </ClInclude>
    <ClInclude Include="include\cyInputMapping.h">
      <Filter>Header Files</Filter>
    </ClInclude>
    <ClInclude Include="include\cyCMeshRenderer.h">
      <Filter>Header Files</Filter>
    </ClInclude>
    <ClInclude Include="include\cyCLight.h">
      <Filter>Header Files</Filter>
    </ClInclude>
    <ClInclude Include="include\cySceneGraph.h">
      <Filter>Header Files</Filter>
    </ClInclude>
    <ClInclude Include="include\cyCParticleEmitter.h">
      <Filter>Header Files</Filter>
    </ClInclude>
    <ClInclude Include="resource.h">
      <Filter>Header Files</Filter>
    </ClInclude>
    <ClInclude Include="include\cySceneManager.h">
      <Filter>Header Files</Filter>
    </ClInclude>
    <ClInclude Include="include\cyWindowEvent.h">
      <Filter>Header Files</Filter>
    </ClInclude>
    <ClInclude Include="include\cyGraphicsPipeline.h">
      <Filter>Header Files</Filter>
    </ClInclude>
  </ItemGroup>
  <ItemGroup>
    <ClCompile Include="src\cyResourceManager.cpp">
      <Filter>Source Files</Filter>
    </ClCompile>
    <ClCompile Include="src\cyRAsset.cpp">
      <Filter>Source Files</Filter>
    </ClCompile>
    <ClCompile Include="src\cyCodec.cpp">
      <Filter>Source Files</Filter>
    </ClCompile>
    <ClCompile Include="src\cyWindow.cpp">
      <Filter>Source Files</Filter>
    </ClCompile>
    <ClCompile Include="src\cyBaseUI.cpp">
      <Filter>Source Files</Filter>
    </ClCompile>
    <ClCompile Include="src\cyGarbageCollector.cpp">
      <Filter>Source Files</Filter>
    </ClCompile>
    <ClCompile Include="src\cyRMaterial.cpp">
      <Filter>Source Files</Filter>
    </ClCompile>
    <ClCompile Include="src\cyClassRegister.cpp">
      <Filter>Source Files</Filter>
    </ClCompile>
    <ClCompile Include="src\cyScene.cpp">
      <Filter>Source Files</Filter>
    </ClCompile>
    <ClCompile Include="src\cyGameMode.cpp">
      <Filter>Source Files</Filter>
    </ClCompile>
    <ClCompile Include="src\cyPluginManager.cpp">
      <Filter>Source Files</Filter>
    </ClCompile>
    <ClCompile Include="src\cyPlugin.cpp">
      <Filter>Source Files</Filter>
    </ClCompile>
    <ClCompile Include="src\cyRAudio.cpp">
      <Filter>Source Files</Filter>
    </ClCompile>
    <ClCompile Include="src\cyAudioAPI.cpp">
      <Filter>Source Files</Filter>
    </ClCompile>
    <ClCompile Include="src\cyRTexture.cpp">
      <Filter>Source Files</Filter>
    </ClCompile>
    <ClCompile Include="src\cyRShader.cpp">
      <Filter>Source Files</Filter>
    </ClCompile>
    <ClCompile Include="src\cyRMesh.cpp">
      <Filter>Source Files</Filter>
    </ClCompile>
    <ClCompile Include="src\cyRModel.cpp">
      <Filter>Source Files</Filter>
    </ClCompile>
    <ClCompile Include="src\cyRSkeleton.cpp">
      <Filter>Source Files</Filter>
    </ClCompile>
    <ClCompile Include="src\cyRScript.cpp">
      <Filter>Source Files</Filter>
    </ClCompile>
    <ClCompile Include="src\cyRImage.cpp">
      <Filter>Source Files</Filter>
    </ClCompile>
    <ClCompile Include="src\cyTriangle.cpp">
      <Filter>Source Files</Filter>
    </ClCompile>
    <ClCompile Include="src\cyVertex.cpp">
      <Filter>Source Files</Filter>
    </ClCompile>
    <ClCompile Include="src\cyCCamera.cpp">
      <Filter>Source Files</Filter>
    </ClCompile>
    <ClCompile Include="src\cyCTransform.cpp">
      <Filter>Source Files</Filter>
    </ClCompile>
    <ClCompile Include="src\cySNode.cpp">
      <Filter>Source Files</Filter>
    </ClCompile>
    <ClCompile Include="src\cyInputMapping.cpp">
      <Filter>Source Files</Filter>
    </ClCompile>
    <ClCompile Include="src\cyInputManager.cpp">
      <Filter>Source Files</Filter>
    </ClCompile>
    <ClCompile Include="src\cyCMeshRenderer.cpp">
      <Filter>Source Files</Filter>
    </ClCompile>
    <ClCompile Include="src\cyCLight.cpp">
      <Filter>Source Files</Filter>
    </ClCompile>
    <ClCompile Include="src\cySceneGraph.cpp">
      <Filter>Source Files</Filter>
    </ClCompile>
    <ClCompile Include="src\cyCParticleEmitter.cpp">
      <Filter>Source Files</Filter>
    </ClCompile>
    <ClCompile Include="src\cySceneManager.cpp">
      <Filter>Source Files</Filter>
    </ClCompile>
    <ClCompile Include="src\cyBBeing.cpp">
      <Filter>Source Files</Filter>
    </ClCompile>
    <ClCompile Include="src\cyCComponent.cpp">
      <Filter>Source Files</Filter>
    </ClCompile>
    <ClCompile Include="src\cyWindowEvent.cpp">
      <Filter>Source Files</Filter>
    </ClCompile>
    <ClCompile Include="src\cyInput.cpp">
      <Filter>Source Files</Filter>
    </ClCompile>
    <ClCompile Include="src\cyGraphicsPipeline.cpp">
      <Filter>Source Files</Filter>
    </ClCompile>
    <ClCompile Include="src\cyEngineAssets.cpp">
      <Filter>Source Files</Filter>
    </ClCompile>
  </ItemGroup>
</Project>