<?xml version="1.0" encoding="utf-8"?>
<Project ToolsVersion="4.0" xmlns="http://schemas.microsoft.com/developer/msbuild/2003">
  <ItemGroup>
    <Filter Include="Source Files">
      <UniqueIdentifier>{4FC737F1-C7A5-4376-A066-2A32D752A2FF}</UniqueIdentifier>
      <Extensions>cpp;c;cc;cxx;c++;cppm;ixx;def;odl;idl;hpj;bat;asm;asmx</Extensions>
    </Filter>
    <Filter Include="Header Files">
      <UniqueIdentifier>{93995380-89BD-4b04-88EB-625FBE52EBFB}</UniqueIdentifier>
      <Extensions>h;hh;hpp;hxx;h++;hm;inl;inc;ipp;xsd</Extensions>
    </Filter>
    <Filter Include="Resource Files">
      <UniqueIdentifier>{67DA6AB6-F800-4c08-8B7A-83BB121AAD01}</UniqueIdentifier>
      <Extensions>rc;ico;cur;bmp;dlg;rc2;rct;bin;rgs;gif;jpg;jpeg;jpe;resx;tiff;tif;png;wav;mfcribbon-ms</Extensions>
    </Filter>
  </ItemGroup>
  <ItemGroup>
    <ClInclude Include="include\cyResourceManager.h">
      <Filter>Header Files</Filter>
    </ClInclude>
    <ClInclude Include="include\cyCorePrerequisites.h">
      <Filter>Header Files</Filter>
    </ClInclude>
    <ClInclude Include="include\cyComponent.h">
      <Filter>Header Files</Filter>
    </ClInclude>
    <ClInclude Include="include\cyResource.h">
      <Filter>Header Files</Filter>
    </ClInclude>
    <ClInclude Include="include\cyAsset.h">
      <Filter>Header Files</Filter>
    </ClInclude>
    <ClInclude Include="include\cyCodec.h">
      <Filter>Header Files</Filter>
    </ClInclude>
    <ClInclude Include="include\cyBaseUI.h">
      <Filter>Header Files</Filter>
    </ClInclude>
    <ClInclude Include="include\cyWindow.h">
      <Filter>Header Files</Filter>
    </ClInclude>
    <ClInclude Include="include\cyDefaultPrimitives.h">
      <Filter>Header Files</Filter>
    </ClInclude>
    <ClInclude Include="include\cyImage.h">
      <Filter>Header Files</Filter>
    </ClInclude>
    <ClInclude Include="include\cyMesh.h">
      <Filter>Header Files</Filter>
    </ClInclude>
    <ClInclude Include="include\cyVertex.h">
      <Filter>Header Files</Filter>
    </ClInclude>
    <ClInclude Include="include\cyEngineAssets.h">
      <Filter>Header Files</Filter>
    </ClInclude>
    <ClInclude Include="include\cyTransform.h">
      <Filter>Header Files</Filter>
    </ClInclude>
    <ClInclude Include="include\cyGarbageCollector.h">
      <Filter>Header Files</Filter>
    </ClInclude>
    <ClInclude Include="include\cyMaterial.h">
      <Filter>Header Files</Filter>
    </ClInclude>
    <ClInclude Include="include\cyApp.h">
      <Filter>Header Files</Filter>
    </ClInclude>
    <ClInclude Include="include\cyBeing.h">
      <Filter>Header Files</Filter>
    </ClInclude>
    <ClInclude Include="include\cyClassRegister.h">
      <Filter>Header Files</Filter>
    </ClInclude>
    <ClInclude Include="include\cyScene.h">
      <Filter>Header Files</Filter>
    </ClInclude>
    <ClInclude Include="include\cyGameMode.h">
      <Filter>Header Files</Filter>
    </ClInclude>
    <ClInclude Include="include\cyGraphicsAPI.h">
      <Filter>Header Files</Filter>
    </ClInclude>
    <ClInclude Include="include\cyPluginManager.h">
      <Filter>Header Files</Filter>
    </ClInclude>
    <ClInclude Include="include\cyPlugin.h">
      <Filter>Header Files</Filter>
    </ClInclude>
    <ClInclude Include="include\cyAudio.h">
      <Filter>Header Files</Filter>
    </ClInclude>
    <ClInclude Include="include\cyAudioAPI.h">
      <Filter>Header Files</Filter>
    </ClInclude>
    <ClInclude Include="include\cyTexture.h">
      <Filter>Header Files</Filter>
    </ClInclude>
    <ClInclude Include="include\cyShader.h">
      <Filter>Header Files</Filter>
    </ClInclude>
    <ClInclude Include="include\cyModel.h">
      <Filter>Header Files</Filter>
    </ClInclude>
    <ClInclude Include="include\cySkeleton.h">
      <Filter>Header Files</Filter>
    </ClInclude>
    <ClInclude Include="include\cyScript.h">
      <Filter>Header Files</Filter>
    </ClInclude>
  </ItemGroup>
  <ItemGroup>
    <ClCompile Include="src\cyResourceManager.cpp">
      <Filter>Source Files</Filter>
    </ClCompile>
    <ClCompile Include="src\cyAsset.cpp">
      <Filter>Source Files</Filter>
    </ClCompile>
    <ClCompile Include="src\cyCodec.cpp">
      <Filter>Source Files</Filter>
    </ClCompile>
    <ClCompile Include="src\cyWindow.cpp">
      <Filter>Source Files</Filter>
    </ClCompile>
    <ClCompile Include="src\cyBaseUI.cpp">
      <Filter>Source Files</Filter>
    </ClCompile>
    <ClCompile Include="src\cyGarbageCollector.cpp">
      <Filter>Source Files</Filter>
    </ClCompile>
    <ClCompile Include="src\cyMaterial.cpp">
      <Filter>Source Files</Filter>
    </ClCompile>
    <ClCompile Include="src\cyApp.cpp">
      <Filter>Source Files</Filter>
    </ClCompile>
    <ClCompile Include="src\cyBeing.cpp">
      <Filter>Source Files</Filter>
    </ClCompile>
    <ClCompile Include="src\cyClassRegister.cpp">
      <Filter>Source Files</Filter>
    </ClCompile>
    <ClCompile Include="src\cyScene.cpp">
      <Filter>Source Files</Filter>
    </ClCompile>
    <ClCompile Include="src\cyGameMode.cpp">
      <Filter>Source Files</Filter>
    </ClCompile>
    <ClCompile Include="src\cyGraphicsAPI.cpp">
      <Filter>Source Files</Filter>
    </ClCompile>
    <ClCompile Include="src\cyPluginManager.cpp">
      <Filter>Source Files</Filter>
    </ClCompile>
    <ClCompile Include="src\cyPlugin.cpp">
      <Filter>Source Files</Filter>
    </ClCompile>
    <ClCompile Include="src\cyAudio.cpp">
      <Filter>Source Files</Filter>
    </ClCompile>
    <ClCompile Include="src\cyAudioAPI.cpp">
      <Filter>Source Files</Filter>
    </ClCompile>
    <ClCompile Include="src\cyTexture.cpp">
      <Filter>Source Files</Filter>
    </ClCompile>
    <ClCompile Include="src\cyShader.cpp">
      <Filter>Source Files</Filter>
    </ClCompile>
    <ClCompile Include="src\cyMesh.cpp">
      <Filter>Source Files</Filter>
    </ClCompile>
    <ClCompile Include="src\cyModel.cpp">
      <Filter>Source Files</Filter>
    </ClCompile>
    <ClCompile Include="src\cySkeleton.cpp">
      <Filter>Source Files</Filter>
    </ClCompile>
    <ClCompile Include="src\cyScript.cpp">
      <Filter>Source Files</Filter>
    </ClCompile>
  </ItemGroup>
</Project>