
Microsoft Visual Studio Solution File, Format Version 12.00
# Visual Studio Version 16
VisualStudioVersion = 16.0.30717.126
MinimumVisualStudioVersion = 10.0.40219.1
Project("{8BC9CEB8-8B4A-11D0-8D11-00A0C91BC942}") = "cyUtilities", "cyUtilities\cyUtilities.vcxproj", "{07A0942F-CFCB-427F-9C1B-401A59829E25}"
EndProject
Project("{8BC9CEB8-8B4A-11D0-8D11-00A0C91BC942}") = "cyUtilitiesUT", "cyUtilitiesUT\cyUtilitiesUT.vcxproj", "{1FBF3CA3-1012-4326-96AD-0CEAC9A28235}"
	ProjectSection(ProjectDependencies) = postProject
		{07A0942F-CFCB-427F-9C1B-401A59829E25} = {07A0942F-CFCB-427F-9C1B-401A59829E25}
	EndProjectSection
EndProject
Project("{8BC9CEB8-8B4A-11D0-8D11-00A0C91BC942}") = "cyGraphics", "cyGraphics\cyGraphics.vcxproj", "{89FF3D27-C927-41B4-953F-21D9D5234FFB}"
	ProjectSection(ProjectDependencies) = postProject
		{07A0942F-CFCB-427F-9C1B-401A59829E25} = {07A0942F-CFCB-427F-9C1B-401A59829E25}
	EndProjectSection
EndProject
Project("{8BC9CEB8-8B4A-11D0-8D11-00A0C91BC942}") = "cyCUDA", "cyCUDA\cyCUDA.vcxproj", "{876BA128-F5B5-4A77-8365-B78D4FFBD68C}"
	ProjectSection(ProjectDependencies) = postProject
		{07A0942F-CFCB-427F-9C1B-401A59829E25} = {07A0942F-CFCB-427F-9C1B-401A59829E25}
	EndProjectSection
EndProject
Project("{8BC9CEB8-8B4A-11D0-8D11-00A0C91BC942}") = "cyCrashHandler", "cyCrashHandler\cyCrashHandler.vcxproj", "{15D9736F-94F7-4232-9D82-044FAE1E50BB}"
EndProject
Project("{8BC9CEB8-8B4A-11D0-8D11-00A0C91BC942}") = "CUDATest", "CUDATest\CUDATest.vcxproj", "{392178D9-7DE9-4428-B03C-7EBD48D5657D}"
EndProject
Global
	GlobalSection(SolutionConfigurationPlatforms) = preSolution
		Debug|x64 = Debug|x64
		Debug|x86 = Debug|x86
		Release|x64 = Release|x64
		Release|x86 = Release|x86
	EndGlobalSection
	GlobalSection(ProjectConfigurationPlatforms) = postSolution
		{07A0942F-CFCB-427F-9C1B-401A59829E25}.Debug|x64.ActiveCfg = Debug|x64
		{07A0942F-CFCB-427F-9C1B-401A59829E25}.Debug|x64.Build.0 = Debug|x64
		{07A0942F-CFCB-427F-9C1B-401A59829E25}.Debug|x86.ActiveCfg = Debug|Win32
		{07A0942F-CFCB-427F-9C1B-401A59829E25}.Debug|x86.Build.0 = Debug|Win32
		{07A0942F-CFCB-427F-9C1B-401A59829E25}.Release|x64.ActiveCfg = Release|x64
		{07A0942F-CFCB-427F-9C1B-401A59829E25}.Release|x64.Build.0 = Release|x64
		{07A0942F-CFCB-427F-9C1B-401A59829E25}.Release|x86.ActiveCfg = Release|Win32
		{07A0942F-CFCB-427F-9C1B-401A59829E25}.Release|x86.Build.0 = Release|Win32
		{1FBF3CA3-1012-4326-96AD-0CEAC9A28235}.Debug|x64.ActiveCfg = Debug|x64
		{1FBF3CA3-1012-4326-96AD-0CEAC9A28235}.Debug|x64.Build.0 = Debug|x64
		{1FBF3CA3-1012-4326-96AD-0CEAC9A28235}.Debug|x86.ActiveCfg = Debug|Win32
		{1FBF3CA3-1012-4326-96AD-0CEAC9A28235}.Debug|x86.Build.0 = Debug|Win32
		{1FBF3CA3-1012-4326-96AD-0CEAC9A28235}.Release|x64.ActiveCfg = Release|x64
		{1FBF3CA3-1012-4326-96AD-0CEAC9A28235}.Release|x64.Build.0 = Release|x64
		{1FBF3CA3-1012-4326-96AD-0CEAC9A28235}.Release|x86.ActiveCfg = Release|Win32
		{1FBF3CA3-1012-4326-96AD-0CEAC9A28235}.Release|x86.Build.0 = Release|Win32
		{89FF3D27-C927-41B4-953F-21D9D5234FFB}.Debug|x64.ActiveCfg = Debug|x64
		{89FF3D27-C927-41B4-953F-21D9D5234FFB}.Debug|x64.Build.0 = Debug|x64
		{89FF3D27-C927-41B4-953F-21D9D5234FFB}.Debug|x86.ActiveCfg = Debug|Win32
		{89FF3D27-C927-41B4-953F-21D9D5234FFB}.Debug|x86.Build.0 = Debug|Win32
		{89FF3D27-C927-41B4-953F-21D9D5234FFB}.Release|x64.ActiveCfg = Release|x64
		{89FF3D27-C927-41B4-953F-21D9D5234FFB}.Release|x64.Build.0 = Release|x64
		{89FF3D27-C927-41B4-953F-21D9D5234FFB}.Release|x86.ActiveCfg = Release|Win32
		{89FF3D27-C927-41B4-953F-21D9D5234FFB}.Release|x86.Build.0 = Release|Win32
		{876BA128-F5B5-4A77-8365-B78D4FFBD68C}.Debug|x64.ActiveCfg = Debug|x64
		{876BA128-F5B5-4A77-8365-B78D4FFBD68C}.Debug|x64.Build.0 = Debug|x64
		{876BA128-F5B5-4A77-8365-B78D4FFBD68C}.Debug|x86.ActiveCfg = Debug|Win32
		{876BA128-F5B5-4A77-8365-B78D4FFBD68C}.Debug|x86.Build.0 = Debug|Win32
		{876BA128-F5B5-4A77-8365-B78D4FFBD68C}.Release|x64.ActiveCfg = Release|x64
		{876BA128-F5B5-4A77-8365-B78D4FFBD68C}.Release|x64.Build.0 = Release|x64
		{876BA128-F5B5-4A77-8365-B78D4FFBD68C}.Release|x86.ActiveCfg = Release|Win32
		{876BA128-F5B5-4A77-8365-B78D4FFBD68C}.Release|x86.Build.0 = Release|Win32
		{15D9736F-94F7-4232-9D82-044FAE1E50BB}.Debug|x64.ActiveCfg = Debug|x64
		{15D9736F-94F7-4232-9D82-044FAE1E50BB}.Debug|x64.Build.0 = Debug|x64
		{15D9736F-94F7-4232-9D82-044FAE1E50BB}.Debug|x86.ActiveCfg = Debug|Win32
		{15D9736F-94F7-4232-9D82-044FAE1E50BB}.Debug|x86.Build.0 = Debug|Win32
		{15D9736F-94F7-4232-9D82-044FAE1E50BB}.Release|x64.ActiveCfg = Release|x64
		{15D9736F-94F7-4232-9D82-044FAE1E50BB}.Release|x64.Build.0 = Release|x64
		{15D9736F-94F7-4232-9D82-044FAE1E50BB}.Release|x86.ActiveCfg = Release|Win32
		{15D9736F-94F7-4232-9D82-044FAE1E50BB}.Release|x86.Build.0 = Release|Win32
		{392178D9-7DE9-4428-B03C-7EBD48D5657D}.Debug|x64.ActiveCfg = Debug|x64
		{392178D9-7DE9-4428-B03C-7EBD48D5657D}.Debug|x64.Build.0 = Debug|x64
		{392178D9-7DE9-4428-B03C-7EBD48D5657D}.Debug|x86.ActiveCfg = Debug|x64
		{392178D9-7DE9-4428-B03C-7EBD48D5657D}.Release|x64.ActiveCfg = Release|x64
		{392178D9-7DE9-4428-B03C-7EBD48D5657D}.Release|x64.Build.0 = Release|x64
		{392178D9-7DE9-4428-B03C-7EBD48D5657D}.Release|x86.ActiveCfg = Release|x64
	EndGlobalSection
	GlobalSection(SolutionProperties) = preSolution
		HideSolutionNode = FALSE
	EndGlobalSection
	GlobalSection(ExtensibilityGlobals) = postSolution
		SolutionGuid = {D4C6EA18-DD1E-4316-9392-1F481EF11C87}
	EndGlobalSection
EndGlobal
