
Microsoft Visual Studio Solution File, Format Version 12.00
# Visual Studio Version 17
VisualStudioVersion = 17.13.35919.96
MinimumVisualStudioVersion = 10.0.40219.1
Project("{8BC9CEB8-8B4A-11D0-8D11-00A0C91BC942}") = "cyUtilities", "cyUtilities\cyUtilities.vcxproj", "{07A0942F-CFCB-427F-9C1B-401A59829E25}"
EndProject
Project("{8BC9CEB8-8B4A-11D0-8D11-00A0C91BC942}") = "cyUtilitiesUT", "cyUtilitiesUT\cyUtilitiesUT.vcxproj", "{1FBF3CA3-1012-4326-96AD-0CEAC9A28235}"
	ProjectSection(ProjectDependencies) = postProject
		{07A0942F-CFCB-427F-9C1B-401A59829E25} = {07A0942F-CFCB-427F-9C1B-401A59829E25}
	EndProjectSection
EndProject
Project("{8BC9CEB8-8B4A-11D0-8D11-00A0C91BC942}") = "cyCrashHandler", "cyCrashHandler\cyCrashHandler.vcxproj", "{15D9736F-94F7-4232-9D82-044FAE1E50BB}"
	ProjectSection(ProjectDependencies) = postProject
		{07A0942F-CFCB-427F-9C1B-401A59829E25} = {07A0942F-CFCB-427F-9C1B-401A59829E25}
		{712121FB-6DCF-4907-A884-3D4E92C4064C} = {712121FB-6DCF-4907-A884-3D4E92C4064C}
	EndProjectSection
EndProject
Project("{8BC9CEB8-8B4A-11D0-8D11-00A0C91BC942}") = "cyCore", "cyCore\cyCore.vcxproj", "{712121FB-6DCF-4907-A884-3D4E92C4064C}"
	ProjectSection(ProjectDependencies) = postProject
		{07A0942F-CFCB-427F-9C1B-401A59829E25} = {07A0942F-CFCB-427F-9C1B-401A59829E25}
		{57FC85BC-8930-4FA8-B2D9-79B5006B3E9D} = {57FC85BC-8930-4FA8-B2D9-79B5006B3E9D}
		{EF286057-2B98-43FD-92B9-D9157C8BAFF3} = {EF286057-2B98-43FD-92B9-D9157C8BAFF3}
	EndProjectSection
EndProject
Project("{8BC9CEB8-8B4A-11D0-8D11-00A0C91BC942}") = "cyCoreUT", "cyCoreUT\cyCoreUT.vcxproj", "{755814E3-2041-406B-80CB-BFFB97DF0695}"
	ProjectSection(ProjectDependencies) = postProject
		{07A0942F-CFCB-427F-9C1B-401A59829E25} = {07A0942F-CFCB-427F-9C1B-401A59829E25}
		{57FC85BC-8930-4FA8-B2D9-79B5006B3E9D} = {57FC85BC-8930-4FA8-B2D9-79B5006B3E9D}
		{712121FB-6DCF-4907-A884-3D4E92C4064C} = {712121FB-6DCF-4907-A884-3D4E92C4064C}
		{EF286057-2B98-43FD-92B9-D9157C8BAFF3} = {EF286057-2B98-43FD-92B9-D9157C8BAFF3}
	EndProjectSection
EndProject
Project("{8BC9CEB8-8B4A-11D0-8D11-00A0C91BC942}") = "cyRandom", "cyRandom\cyRandom.vcxproj", "{EF286057-2B98-43FD-92B9-D9157C8BAFF3}"
	ProjectSection(ProjectDependencies) = postProject
		{07A0942F-CFCB-427F-9C1B-401A59829E25} = {07A0942F-CFCB-427F-9C1B-401A59829E25}
		{57FC85BC-8930-4FA8-B2D9-79B5006B3E9D} = {57FC85BC-8930-4FA8-B2D9-79B5006B3E9D}
	EndProjectSection
EndProject
Project("{8BC9CEB8-8B4A-11D0-8D11-00A0C91BC942}") = "cyMath", "cyMath\cyMath.vcxproj", "{57FC85BC-8930-4FA8-B2D9-79B5006B3E9D}"
	ProjectSection(ProjectDependencies) = postProject
		{07A0942F-CFCB-427F-9C1B-401A59829E25} = {07A0942F-CFCB-427F-9C1B-401A59829E25}
	EndProjectSection
EndProject
Project("{8BC9CEB8-8B4A-11D0-8D11-00A0C91BC942}") = "cyMathUT", "cyMathUT\cyMathUT.vcxproj", "{5E6C9DCB-8114-4242-BE15-3142703A53AE}"
	ProjectSection(ProjectDependencies) = postProject
		{07A0942F-CFCB-427F-9C1B-401A59829E25} = {07A0942F-CFCB-427F-9C1B-401A59829E25}
		{57FC85BC-8930-4FA8-B2D9-79B5006B3E9D} = {57FC85BC-8930-4FA8-B2D9-79B5006B3E9D}
	EndProjectSection
EndProject
Project("{8BC9CEB8-8B4A-11D0-8D11-00A0C91BC942}") = "cyGraphics", "cyGraphics\cyGraphics.vcxproj", "{D82687E1-8BAE-4766-B409-B72E2947C4F4}"
	ProjectSection(ProjectDependencies) = postProject
		{712121FB-6DCF-4907-A884-3D4E92C4064C} = {712121FB-6DCF-4907-A884-3D4E92C4064C}
	EndProjectSection
EndProject
Project("{8BC9CEB8-8B4A-11D0-8D11-00A0C91BC942}") = "cyRandomUT", "cyRandomUT\cyRandomUT.vcxproj", "{13C8D15D-4CA4-4F8F-9A66-8E0844764DFE}"
	ProjectSection(ProjectDependencies) = postProject
		{07A0942F-CFCB-427F-9C1B-401A59829E25} = {07A0942F-CFCB-427F-9C1B-401A59829E25}
		{57FC85BC-8930-4FA8-B2D9-79B5006B3E9D} = {57FC85BC-8930-4FA8-B2D9-79B5006B3E9D}
		{EF286057-2B98-43FD-92B9-D9157C8BAFF3} = {EF286057-2B98-43FD-92B9-D9157C8BAFF3}
	EndProjectSection
EndProject
Project("{8BC9CEB8-8B4A-11D0-8D11-00A0C91BC942}") = "cyGraphicsUT", "cyGraphicsUT\cyGraphicsUT.vcxproj", "{A02D1C84-5AE7-440E-B5FF-E3503D1359F8}"
	ProjectSection(ProjectDependencies) = postProject
		{D82687E1-8BAE-4766-B409-B72E2947C4F4} = {D82687E1-8BAE-4766-B409-B72E2947C4F4}
	EndProjectSection
EndProject
Global
	GlobalSection(SolutionConfigurationPlatforms) = preSolution
		Debug|x64 = Debug|x64
		Debug|x86 = Debug|x86
		Release|x64 = Release|x64
		Release|x86 = Release|x86
	EndGlobalSection
	GlobalSection(ProjectConfigurationPlatforms) = postSolution
		{07A0942F-CFCB-427F-9C1B-401A59829E25}.Debug|x64.ActiveCfg = Debug|x64
		{07A0942F-CFCB-427F-9C1B-401A59829E25}.Debug|x64.Build.0 = Debug|x64
		{07A0942F-CFCB-427F-9C1B-401A59829E25}.Debug|x86.ActiveCfg = Debug|Win32
		{07A0942F-CFCB-427F-9C1B-401A59829E25}.Debug|x86.Build.0 = Debug|Win32
		{07A0942F-CFCB-427F-9C1B-401A59829E25}.Release|x64.ActiveCfg = Release|x64
		{07A0942F-CFCB-427F-9C1B-401A59829E25}.Release|x64.Build.0 = Release|x64
		{07A0942F-CFCB-427F-9C1B-401A59829E25}.Release|x86.ActiveCfg = Release|Win32
		{07A0942F-CFCB-427F-9C1B-401A59829E25}.Release|x86.Build.0 = Release|Win32
		{1FBF3CA3-1012-4326-96AD-0CEAC9A28235}.Debug|x64.ActiveCfg = Debug|x64
		{1FBF3CA3-1012-4326-96AD-0CEAC9A28235}.Debug|x64.Build.0 = Debug|x64
		{1FBF3CA3-1012-4326-96AD-0CEAC9A28235}.Debug|x86.ActiveCfg = Debug|Win32
		{1FBF3CA3-1012-4326-96AD-0CEAC9A28235}.Debug|x86.Build.0 = Debug|Win32
		{1FBF3CA3-1012-4326-96AD-0CEAC9A28235}.Release|x64.ActiveCfg = Release|x64
		{1FBF3CA3-1012-4326-96AD-0CEAC9A28235}.Release|x64.Build.0 = Release|x64
		{1FBF3CA3-1012-4326-96AD-0CEAC9A28235}.Release|x86.ActiveCfg = Release|Win32
		{1FBF3CA3-1012-4326-96AD-0CEAC9A28235}.Release|x86.Build.0 = Release|Win32
		{15D9736F-94F7-4232-9D82-044FAE1E50BB}.Debug|x64.ActiveCfg = Debug|x64
		{15D9736F-94F7-4232-9D82-044FAE1E50BB}.Debug|x64.Build.0 = Debug|x64
		{15D9736F-94F7-4232-9D82-044FAE1E50BB}.Debug|x86.ActiveCfg = Debug|Win32
		{15D9736F-94F7-4232-9D82-044FAE1E50BB}.Debug|x86.Build.0 = Debug|Win32
		{15D9736F-94F7-4232-9D82-044FAE1E50BB}.Release|x64.ActiveCfg = Release|x64
		{15D9736F-94F7-4232-9D82-044FAE1E50BB}.Release|x64.Build.0 = Release|x64
		{15D9736F-94F7-4232-9D82-044FAE1E50BB}.Release|x86.ActiveCfg = Release|Win32
		{15D9736F-94F7-4232-9D82-044FAE1E50BB}.Release|x86.Build.0 = Release|Win32
		{712121FB-6DCF-4907-A884-3D4E92C4064C}.Debug|x64.ActiveCfg = Debug|x64
		{712121FB-6DCF-4907-A884-3D4E92C4064C}.Debug|x64.Build.0 = Debug|x64
		{712121FB-6DCF-4907-A884-3D4E92C4064C}.Debug|x86.ActiveCfg = Debug|Win32
		{712121FB-6DCF-4907-A884-3D4E92C4064C}.Debug|x86.Build.0 = Debug|Win32
		{712121FB-6DCF-4907-A884-3D4E92C4064C}.Release|x64.ActiveCfg = Release|x64
		{712121FB-6DCF-4907-A884-3D4E92C4064C}.Release|x64.Build.0 = Release|x64
		{712121FB-6DCF-4907-A884-3D4E92C4064C}.Release|x86.ActiveCfg = Release|Win32
		{712121FB-6DCF-4907-A884-3D4E92C4064C}.Release|x86.Build.0 = Release|Win32
		{755814E3-2041-406B-80CB-BFFB97DF0695}.Debug|x64.ActiveCfg = Debug|x64
		{755814E3-2041-406B-80CB-BFFB97DF0695}.Debug|x64.Build.0 = Debug|x64
		{755814E3-2041-406B-80CB-BFFB97DF0695}.Debug|x86.ActiveCfg = Debug|Win32
		{755814E3-2041-406B-80CB-BFFB97DF0695}.Debug|x86.Build.0 = Debug|Win32
		{755814E3-2041-406B-80CB-BFFB97DF0695}.Release|x64.ActiveCfg = Release|x64
		{755814E3-2041-406B-80CB-BFFB97DF0695}.Release|x64.Build.0 = Release|x64
		{755814E3-2041-406B-80CB-BFFB97DF0695}.Release|x86.ActiveCfg = Release|Win32
		{755814E3-2041-406B-80CB-BFFB97DF0695}.Release|x86.Build.0 = Release|Win32
		{EF286057-2B98-43FD-92B9-D9157C8BAFF3}.Debug|x64.ActiveCfg = Debug|x64
		{EF286057-2B98-43FD-92B9-D9157C8BAFF3}.Debug|x64.Build.0 = Debug|x64
		{EF286057-2B98-43FD-92B9-D9157C8BAFF3}.Debug|x86.ActiveCfg = Debug|Win32
		{EF286057-2B98-43FD-92B9-D9157C8BAFF3}.Debug|x86.Build.0 = Debug|Win32
		{EF286057-2B98-43FD-92B9-D9157C8BAFF3}.Release|x64.ActiveCfg = Release|x64
		{EF286057-2B98-43FD-92B9-D9157C8BAFF3}.Release|x64.Build.0 = Release|x64
		{EF286057-2B98-43FD-92B9-D9157C8BAFF3}.Release|x86.ActiveCfg = Release|Win32
		{EF286057-2B98-43FD-92B9-D9157C8BAFF3}.Release|x86.Build.0 = Release|Win32
		{57FC85BC-8930-4FA8-B2D9-79B5006B3E9D}.Debug|x64.ActiveCfg = Debug|x64
		{57FC85BC-8930-4FA8-B2D9-79B5006B3E9D}.Debug|x64.Build.0 = Debug|x64
		{57FC85BC-8930-4FA8-B2D9-79B5006B3E9D}.Debug|x86.ActiveCfg = Debug|Win32
		{57FC85BC-8930-4FA8-B2D9-79B5006B3E9D}.Debug|x86.Build.0 = Debug|Win32
		{57FC85BC-8930-4FA8-B2D9-79B5006B3E9D}.Release|x64.ActiveCfg = Release|x64
		{57FC85BC-8930-4FA8-B2D9-79B5006B3E9D}.Release|x64.Build.0 = Release|x64
		{57FC85BC-8930-4FA8-B2D9-79B5006B3E9D}.Release|x86.ActiveCfg = Release|Win32
		{57FC85BC-8930-4FA8-B2D9-79B5006B3E9D}.Release|x86.Build.0 = Release|Win32
		{5E6C9DCB-8114-4242-BE15-3142703A53AE}.Debug|x64.ActiveCfg = Debug|x64
		{5E6C9DCB-8114-4242-BE15-3142703A53AE}.Debug|x64.Build.0 = Debug|x64
		{5E6C9DCB-8114-4242-BE15-3142703A53AE}.Debug|x86.ActiveCfg = Debug|Win32
		{5E6C9DCB-8114-4242-BE15-3142703A53AE}.Debug|x86.Build.0 = Debug|Win32
		{5E6C9DCB-8114-4242-BE15-3142703A53AE}.Release|x64.ActiveCfg = Release|x64
		{5E6C9DCB-8114-4242-BE15-3142703A53AE}.Release|x64.Build.0 = Release|x64
		{5E6C9DCB-8114-4242-BE15-3142703A53AE}.Release|x86.ActiveCfg = Release|Win32
		{5E6C9DCB-8114-4242-BE15-3142703A53AE}.Release|x86.Build.0 = Release|Win32
		{D82687E1-8BAE-4766-B409-B72E2947C4F4}.Debug|x64.ActiveCfg = Debug|x64
		{D82687E1-8BAE-4766-B409-B72E2947C4F4}.Debug|x64.Build.0 = Debug|x64
		{D82687E1-8BAE-4766-B409-B72E2947C4F4}.Debug|x86.ActiveCfg = Debug|Win32
		{D82687E1-8BAE-4766-B409-B72E2947C4F4}.Debug|x86.Build.0 = Debug|Win32
		{D82687E1-8BAE-4766-B409-B72E2947C4F4}.Release|x64.ActiveCfg = Release|x64
		{D82687E1-8BAE-4766-B409-B72E2947C4F4}.Release|x64.Build.0 = Release|x64
		{D82687E1-8BAE-4766-B409-B72E2947C4F4}.Release|x86.ActiveCfg = Release|Win32
		{D82687E1-8BAE-4766-B409-B72E2947C4F4}.Release|x86.Build.0 = Release|Win32
		{13C8D15D-4CA4-4F8F-9A66-8E0844764DFE}.Debug|x64.ActiveCfg = Debug|x64
		{13C8D15D-4CA4-4F8F-9A66-8E0844764DFE}.Debug|x64.Build.0 = Debug|x64
		{13C8D15D-4CA4-4F8F-9A66-8E0844764DFE}.Debug|x86.ActiveCfg = Debug|Win32
		{13C8D15D-4CA4-4F8F-9A66-8E0844764DFE}.Debug|x86.Build.0 = Debug|Win32
		{13C8D15D-4CA4-4F8F-9A66-8E0844764DFE}.Release|x64.ActiveCfg = Release|x64
		{13C8D15D-4CA4-4F8F-9A66-8E0844764DFE}.Release|x64.Build.0 = Release|x64
		{13C8D15D-4CA4-4F8F-9A66-8E0844764DFE}.Release|x86.ActiveCfg = Release|Win32
		{13C8D15D-4CA4-4F8F-9A66-8E0844764DFE}.Release|x86.Build.0 = Release|Win32
		{A02D1C84-5AE7-440E-B5FF-E3503D1359F8}.Debug|x64.ActiveCfg = Debug|x64
		{A02D1C84-5AE7-440E-B5FF-E3503D1359F8}.Debug|x64.Build.0 = Debug|x64
		{A02D1C84-5AE7-440E-B5FF-E3503D1359F8}.Debug|x86.ActiveCfg = Debug|Win32
		{A02D1C84-5AE7-440E-B5FF-E3503D1359F8}.Debug|x86.Build.0 = Debug|Win32
		{A02D1C84-5AE7-440E-B5FF-E3503D1359F8}.Release|x64.ActiveCfg = Release|x64
		{A02D1C84-5AE7-440E-B5FF-E3503D1359F8}.Release|x64.Build.0 = Release|x64
		{A02D1C84-5AE7-440E-B5FF-E3503D1359F8}.Release|x86.ActiveCfg = Release|Win32
		{A02D1C84-5AE7-440E-B5FF-E3503D1359F8}.Release|x86.Build.0 = Release|Win32
	EndGlobalSection
	GlobalSection(SolutionProperties) = preSolution
		HideSolutionNode = FALSE
	EndGlobalSection
	GlobalSection(ExtensibilityGlobals) = postSolution
		SolutionGuid = {D4C6EA18-DD1E-4316-9392-1F481EF11C87}
	EndGlobalSection
EndGlobal
