<?xml version="1.0" encoding="utf-8"?>
<Project ToolsVersion="4.0" xmlns="http://schemas.microsoft.com/developer/msbuild/2003">
  <ItemGroup>
    <Filter Include="Source Files">
      <UniqueIdentifier>{4FC737F1-C7A5-4376-A066-2A32D752A2FF}</UniqueIdentifier>
      <Extensions>cpp;c;cc;cxx;c++;cppm;ixx;def;odl;idl;hpj;bat;asm;asmx</Extensions>
    </Filter>
    <Filter Include="Header Files">
      <UniqueIdentifier>{93995380-89BD-4b04-88EB-625FBE52EBFB}</UniqueIdentifier>
      <Extensions>h;hh;hpp;hxx;h++;hm;inl;inc;ipp;xsd</Extensions>
    </Filter>
    <Filter Include="Resource Files">
      <UniqueIdentifier>{67DA6AB6-F800-4c08-8B7A-83BB121AAD01}</UniqueIdentifier>
      <Extensions>rc;ico;cur;bmp;dlg;rc2;rct;bin;rgs;gif;jpg;jpeg;jpe;resx;tiff;tif;png;wav;mfcribbon-ms</Extensions>
    </Filter>
    <Filter Include="FileSystem">
      <UniqueIdentifier>{b10aeddc-a766-471d-80ef-b0dddb38b150}</UniqueIdentifier>
    </Filter>
  </ItemGroup>
  <ItemGroup>
    <ClInclude Include="include\cyStdHeaders.h">
      <Filter>Header Files</Filter>
    </ClInclude>
    <ClInclude Include="include\cyPlatformDefines.h">
      <Filter>Header Files</Filter>
    </ClInclude>
    <ClInclude Include="include\cyUtilitiesPrerequisites.h">
      <Filter>Header Files</Filter>
    </ClInclude>
    <ClInclude Include="include\cyPlatformTypes.h">
      <Filter>Header Files</Filter>
    </ClInclude>
    <ClInclude Include="include\cyModule.h">
      <Filter>Header Files</Filter>
    </ClInclude>
    <ClInclude Include="include\cyLogger.h">
      <Filter>Header Files</Filter>
    </ClInclude>
    <ClInclude Include="include\cyMemoryAllocator.h">
      <Filter>Header Files</Filter>
    </ClInclude>
    <ClInclude Include="include\cyUtilities.h">
      <Filter>Header Files</Filter>
    </ClInclude>
    <ClInclude Include="include\cyCrashHandler.h">
      <Filter>Header Files</Filter>
    </ClInclude>
    <ClInclude Include="include\cyTime.h">
      <Filter>Header Files</Filter>
    </ClInclude>
    <ClInclude Include="include\cyPlatformMath.h">
      <Filter>Header Files</Filter>
    </ClInclude>
    <ClInclude Include="include\cyMath.h">
      <Filter>Header Files</Filter>
    </ClInclude>
    <ClInclude Include="include\cyWindowsMath.h">
      <Filter>Header Files</Filter>
    </ClInclude>
    <ClInclude Include="include\cyDLLLoader.h">
      <Filter>Header Files</Filter>
    </ClInclude>
    <ClInclude Include="include\cyVector2f.h">
      <Filter>Header Files</Filter>
    </ClInclude>
    <ClInclude Include="include\cyVector2i.h">
      <Filter>Header Files</Filter>
    </ClInclude>
    <ClInclude Include="include\cyColor.h">
      <Filter>Header Files</Filter>
    </ClInclude>
    <ClInclude Include="include\cyFileSystem.h">
      <Filter>Header Files</Filter>
    </ClInclude>
    <ClInclude Include="include\cyVector3f.h">
      <Filter>Header Files</Filter>
    </ClInclude>
    <ClInclude Include="include\cyVector4f.h">
      <Filter>Header Files</Filter>
    </ClInclude>
    <ClInclude Include="include\cyMatrix2x2.h">
      <Filter>Header Files</Filter>
    </ClInclude>
    <ClInclude Include="include\cyMatrix3x3.h">
      <Filter>Header Files</Filter>
    </ClInclude>
    <ClInclude Include="include\cyMatrix4x4.h">
      <Filter>Header Files</Filter>
    </ClInclude>
    <ClInclude Include="include\cyRandom.h">
      <Filter>Header Files</Filter>
    </ClInclude>
    <ClInclude Include="include\cyZiggurat.h">
      <Filter>Header Files</Filter>
    </ClInclude>
    <ClInclude Include="include\cyQuaternion.h">
      <Filter>Header Files</Filter>
    </ClInclude>
  </ItemGroup>
  <ItemGroup>
    <ClCompile Include="source\cyCrashHandler.cpp">
      <Filter>Source Files</Filter>
    </ClCompile>
    <ClCompile Include="source\cyFileSystem.cpp">
      <Filter>Source Files</Filter>
    </ClCompile>
    <ClCompile Include="source\cyLogger.cpp">
      <Filter>Source Files</Filter>
    </ClCompile>
    <ClCompile Include="source\cyMemoryAllocator.cpp">
      <Filter>Source Files</Filter>
    </ClCompile>
    <ClCompile Include="source\cyTime.cpp">
      <Filter>Source Files</Filter>
    </ClCompile>
    <ClCompile Include="source\cyPlatformMath.cpp">
      <Filter>Source Files</Filter>
    </ClCompile>
    <ClCompile Include="source\cyDLLLoader.cpp">
      <Filter>Source Files</Filter>
    </ClCompile>
    <ClCompile Include="source\cyVector2i.cpp">
      <Filter>Source Files</Filter>
    </ClCompile>
    <ClCompile Include="source\cyVector2f.cpp">
      <Filter>Source Files</Filter>
    </ClCompile>
    <ClCompile Include="source\cyUtilities.cpp">
      <Filter>Source Files</Filter>
    </ClCompile>
    <ClCompile Include="source\cyColor.cpp">
      <Filter>Source Files</Filter>
    </ClCompile>
    <ClCompile Include="source\cyVector3f.cpp">
      <Filter>Source Files</Filter>
    </ClCompile>
    <ClCompile Include="source\cyVector4f.cpp">
      <Filter>Source Files</Filter>
    </ClCompile>
    <ClCompile Include="source\cyMatrix2x2.cpp">
      <Filter>Source Files</Filter>
    </ClCompile>
    <ClCompile Include="source\cyMatrix3x3.cpp">
      <Filter>Source Files</Filter>
    </ClCompile>
    <ClCompile Include="source\cyMatrix4x4.cpp">
      <Filter>Source Files</Filter>
    </ClCompile>
    <ClCompile Include="source\cyQuaternion.cpp">
      <Filter>Source Files</Filter>
    </ClCompile>
  </ItemGroup>
</Project>