<?xml version="1.0" encoding="utf-8"?>
<Project ToolsVersion="4.0" xmlns="http://schemas.microsoft.com/developer/msbuild/2003">
  <ItemGroup>
    <Filter Include="Source Files">
      <UniqueIdentifier>{4FC737F1-C7A5-4376-A066-2A32D752A2FF}</UniqueIdentifier>
      <Extensions>cpp;c;cc;cxx;c++;cppm;ixx;def;odl;idl;hpj;bat;asm;asmx</Extensions>
    </Filter>
    <Filter Include="Header Files">
      <UniqueIdentifier>{93995380-89BD-4b04-88EB-625FBE52EBFB}</UniqueIdentifier>
      <Extensions>h;hh;hpp;hxx;h++;hm;inl;inc;ipp;xsd</Extensions>
    </Filter>
    <Filter Include="Resource Files">
      <UniqueIdentifier>{67DA6AB6-F800-4c08-8B7A-83BB121AAD01}</UniqueIdentifier>
      <Extensions>rc;ico;cur;bmp;dlg;rc2;rct;bin;rgs;gif;jpg;jpeg;jpe;resx;tiff;tif;png;wav;mfcribbon-ms</Extensions>
    </Filter>
    <Filter Include="FileSystem">
      <UniqueIdentifier>{b10aeddc-a766-471d-80ef-b0dddb38b150}</UniqueIdentifier>
    </Filter>
  </ItemGroup>
  <ItemGroup>
    <ClInclude Include="include\cyPlatformMath.h">
      <Filter>Header Files</Filter>
    </ClInclude>
    <ClInclude Include="include\cyMath.h">
      <Filter>Header Files</Filter>
    </ClInclude>
    <ClInclude Include="include\cyWindowsMath.h">
      <Filter>Header Files</Filter>
    </ClInclude>
    <ClInclude Include="include\cyVector2f.h">
      <Filter>Header Files</Filter>
    </ClInclude>
    <ClInclude Include="include\cyVector2i.h">
      <Filter>Header Files</Filter>
    </ClInclude>
    <ClInclude Include="include\cyVector3f.h">
      <Filter>Header Files</Filter>
    </ClInclude>
    <ClInclude Include="include\cyVector4f.h">
      <Filter>Header Files</Filter>
    </ClInclude>
    <ClInclude Include="include\cyMatrix2.h">
      <Filter>Header Files</Filter>
    </ClInclude>
    <ClInclude Include="include\cyMatrix3.h">
      <Filter>Header Files</Filter>
    </ClInclude>
    <ClInclude Include="include\cyMatrix4.h">
      <Filter>Header Files</Filter>
    </ClInclude>
    <ClInclude Include="include\cyQuaternion.h">
      <Filter>Header Files</Filter>
    </ClInclude>
    <ClInclude Include="include\cyEulerHelpers.h">
      <Filter>Header Files</Filter>
    </ClInclude>
    <ClInclude Include="include\cyPlane.h">
      <Filter>Header Files</Filter>
    </ClInclude>
    <ClInclude Include="include\cyLine.h">
      <Filter>Header Files</Filter>
    </ClInclude>
    <ClInclude Include="include\cyMathPrerequisites.h">
      <Filter>Header Files</Filter>
    </ClInclude>
    <ClInclude Include="include\cyAABB.h">
      <Filter>Header Files</Filter>
    </ClInclude>
    <ClInclude Include="include\cyOBB.h">
      <Filter>Header Files</Filter>
    </ClInclude>
    <ClInclude Include="include\cySphere.h">
      <Filter>Header Files</Filter>
    </ClInclude>
    <ClInclude Include="include\cyCapsule.h">
      <Filter>Header Files</Filter>
    </ClInclude>
    <ClInclude Include="include\cyRotor.h">
      <Filter>Header Files</Filter>
    </ClInclude>
    <ClInclude Include="include\cyTensor.h">
      <Filter>Header Files</Filter>
    </ClInclude>
    <ClInclude Include="include\cyColor.h">
      <Filter>Header Files</Filter>
    </ClInclude>
    <ClInclude Include="include\cyIntersections.h">
      <Filter>Header Files</Filter>
    </ClInclude>
    <ClInclude Include="include\cyPrimitive.h">
      <Filter>Header Files</Filter>
    </ClInclude>
    <ClInclude Include="include\cyPoint.h">
      <Filter>Header Files</Filter>
    </ClInclude>
    <ClInclude Include="include\cyRect.h">
      <Filter>Header Files</Filter>
    </ClInclude>
    <ClInclude Include="include\cyRay.h">
      <Filter>Header Files</Filter>
    </ClInclude>
    <ClInclude Include="include\cyCone.h">
      <Filter>Header Files</Filter>
    </ClInclude>
    <ClInclude Include="include\cyCylinder.h">
      <Filter>Header Files</Filter>
    </ClInclude>
    <ClInclude Include="include\cyFrustum.h">
      <Filter>Header Files</Filter>
    </ClInclude>
  </ItemGroup>
  <ItemGroup>
    <ClCompile Include="source\cyPlatformMath.cpp">
      <Filter>Source Files</Filter>
    </ClCompile>
    <ClCompile Include="source\cyVector2i.cpp">
      <Filter>Source Files</Filter>
    </ClCompile>
    <ClCompile Include="source\cyVector2f.cpp">
      <Filter>Source Files</Filter>
    </ClCompile>
    <ClCompile Include="source\cyVector3f.cpp">
      <Filter>Source Files</Filter>
    </ClCompile>
    <ClCompile Include="source\cyVector4f.cpp">
      <Filter>Source Files</Filter>
    </ClCompile>
    <ClCompile Include="source\cyMatrix2.cpp">
      <Filter>Source Files</Filter>
    </ClCompile>
    <ClCompile Include="source\cyMatrix3.cpp">
      <Filter>Source Files</Filter>
    </ClCompile>
    <ClCompile Include="source\cyMatrix4.cpp">
      <Filter>Source Files</Filter>
    </ClCompile>
    <ClCompile Include="source\cyQuaternion.cpp">
      <Filter>Source Files</Filter>
    </ClCompile>
    <ClCompile Include="source\cyEulerHelpers.cpp">
      <Filter>Source Files</Filter>
    </ClCompile>
    <ClCompile Include="source\cyPlane.cpp">
      <Filter>Source Files</Filter>
    </ClCompile>
    <ClCompile Include="source\cyLine.cpp">
      <Filter>Source Files</Filter>
    </ClCompile>
    <ClCompile Include="source\cyAABB.cpp">
      <Filter>Source Files</Filter>
    </ClCompile>
    <ClCompile Include="source\cyOBB.cpp">
      <Filter>Source Files</Filter>
    </ClCompile>
    <ClCompile Include="source\cySphere.cpp">
      <Filter>Source Files</Filter>
    </ClCompile>
    <ClCompile Include="source\cyCapsule.cpp">
      <Filter>Source Files</Filter>
    </ClCompile>
    <ClCompile Include="source\cyRotor.cpp">
      <Filter>Source Files</Filter>
    </ClCompile>
    <ClCompile Include="source\cyTensor.cpp">
      <Filter>Source Files</Filter>
    </ClCompile>
    <ClCompile Include="source\cyColor.cpp">
      <Filter>Source Files</Filter>
    </ClCompile>
    <ClCompile Include="source\Primitive.cpp">
      <Filter>Source Files</Filter>
    </ClCompile>
    <ClCompile Include="source\cyPoint.cpp">
      <Filter>Source Files</Filter>
    </ClCompile>
    <ClCompile Include="source\cyRect.cpp">
      <Filter>Source Files</Filter>
    </ClCompile>
    <ClCompile Include="source\cyRay.cpp">
      <Filter>Source Files</Filter>
    </ClCompile>
    <ClCompile Include="source\cyCone.cpp">
      <Filter>Source Files</Filter>
    </ClCompile>
    <ClCompile Include="source\cyIntersections.cpp">
      <Filter>Source Files</Filter>
    </ClCompile>
    <ClCompile Include="source\cyCylinder.cpp">
      <Filter>Source Files</Filter>
    </ClCompile>
    <ClCompile Include="source\cyFrustum.cpp">
      <Filter>Source Files</Filter>
    </ClCompile>
  </ItemGroup>
</Project>
